
Microsoft Visual Studio Solution File, Format Version 12.00
# Visual Studio Version 16
VisualStudioVersion = 16.0.29009.5
MinimumVisualStudioVersion = 10.0.40219.1
Project("{FAE04EC0-301F-11D3-BF4B-00C04F79EFBC}") = "FELegaciesGenerator", "..\COMP123-S2019-FinalTestA\COMP123-S2019-FinalTestA\FELegaciesGenerator.csproj", "{C241031A-B94D-4C04-AA0A-74AF266C72C9}"
EndProject
Global
	GlobalSection(SolutionConfigurationPlatforms) = preSolution
		Debug|Any CPU = Debug|Any CPU
		Release|Any CPU = Release|Any CPU
	EndGlobalSection
	GlobalSection(ProjectConfigurationPlatforms) = postSolution
		{C241031A-B94D-4C04-AA0A-74AF266C72C9}.Debug|Any CPU.ActiveCfg = Debug|Any CPU
		{C241031A-B94D-4C04-AA0A-74AF266C72C9}.Debug|Any CPU.Build.0 = Debug|Any CPU
		{C241031A-B94D-4C04-AA0A-74AF266C72C9}.Release|Any CPU.ActiveCfg = Release|Any CPU
		{C241031A-B94D-4C04-AA0A-74AF266C72C9}.Release|Any CPU.Build.0 = Release|Any CPU
	EndGlobalSection
	GlobalSection(SolutionProperties) = preSolution
		HideSolutionNode = FALSE
	EndGlobalSection
	GlobalSection(ExtensibilityGlobals) = postSolution
		SolutionGuid = {C33B43B0-D008-4C31-882C-125B3C02197E}
	EndGlobalSection
EndGlobal
